# This file is automatically @generated by Cargo.
# It is not intended for manual editing.
version = 4

[[package]]
name = "flow-derive"
version = "0.1.0"

[[package]]
name = "flow-message"
version = "0.1.0"

[[package]]
name = "flow-rs"
version = "0.1.0"
dependencies = [
 "flow-derive",
 "flow-message",
]
